{
  "nodes": {
    "home-manager": {
      "inputs": {
        "nixpkgs": "nixpkgs"
      },
      "locked": {
        "lastModified": 1751468302,
        "narHash": "sha256-tWosziZTT039x6PgEZUhzGlV8oLvdDmIgKTE8ESMaEA=",
        "type": "tarball",
        "url": "https://github.com/nix-community/home-manager/archive/release-25.05.tar.gz"
      },
      "original": {
        "type": "tarball",
        "url": "https://github.com/nix-community/home-manager/archive/release-25.05.tar.gz"
      }
    },
    "nixpkgs": {
      "locked": {
        "lastModified": 1751479989,
        "narHash": "sha256-M5KgdpVBVcW4HRVq9/OSRbrxlwsQ1ogEKqnvzsClDqU=",
        "owner": "NixOS",
        "repo": "nixpkgs",
        "rev": "34627c90f062da515ea358360f448da57769236e",
        "type": "github"
      },
      "original": {
        "owner": "NixOS",
        "ref": "nixos-25.05",
        "repo": "nixpkgs",
        "type": "github"
      }
    },
    "nixpkgs_2": {
      "locked": {
        "lastModified": 1749494155,
        "narHash": "sha256-FG4DEYBpROupu758beabUk9lhrblSf5hnv84v1TLqMc=",
        "owner": "NixOS",
        "repo": "nixpkgs",
        "rev": "88331c17ba434359491e8d5889cce872464052c2",
        "type": "github"
      },
      "original": {
        "owner": "NixOS",
        "ref": "nixos-25.05",
        "repo": "nixpkgs",
        "type": "github"
      }
    },
    "root": {
      "inputs": {
        "home-manager": "home-manager",
        "nixpkgs": "nixpkgs_2"
      }
    }
  },
  "root": "root",
  "version": 7
}
